{
    "hash": "b67ffe7d0a73f8a85a2f26b9663b7d53",
    "packages": [
        {
            "name": "doctrine/common",
            "version": "2.3.0",
            "source": {
                "type": "git",
                "url": "https://github.com/doctrine/common",
                "reference": "2.3.0"
            },
            "dist": {
                "type": "zip",
                "url": "https://github.com/doctrine/common/zipball/2.3.0",
                "reference": "2.3.0",
                "shasum": ""
            },
            "require": {
                "php": ">=5.3.2"
            },
            "time": "2012-09-19 22:55:18",
            "type": "library",
            "extra": {
                "branch-alias": {
                    "dev-master": "2.3.x-dev"
                }
            },
            "installation-source": "dist",
            "autoload": {
                "psr-0": {
                    "Doctrine\\Common": "lib/"
                }
            },
            "license": [
                "MIT"
            ],
            "authors": [
                {
                    "name": "Jonathan Wage",
                    "email": "jonwage@gmail.com",
                    "homepage": "http://www.jwage.com/"
                },
                {
                    "name": "Guilherme Blanco",
                    "email": "guilhermeblanco@gmail.com",
                    "homepage": "http://www.instaclick.com"
                },
                {
                    "name": "Roman Borschel",
                    "email": "roman@code-factory.org"
                },
                {
                    "name": "Benjamin Eberlei",
                    "email": "kontakt@beberlei.de"
                },
                {
                    "name": "Johannes M. Schmitt",
                    "email": "schmittjoh@gmail.com",
                    "homepage": "http://jmsyst.com",
                    "role": "Developer of wrapped JMSSerializerBundle"
                }
            ],
            "description": "Common Library for Doctrine projects",
            "homepage": "http://www.doctrine-project.org",
            "keywords": [
                "collections",
                "spl",
                "eventmanager",
                "annotations",
                "persistence"
            ]
        },
        {
            "name": "doctrine/dbal",
            "version": "2.3.0",
            "source": {
                "type": "git",
                "url": "https://github.com/doctrine/dbal",
                "reference": "2.3.0"
            },
            "dist": {
                "type": "zip",
                "url": "https://github.com/doctrine/dbal/zipball/2.3.0",
                "reference": "2.3.0",
                "shasum": ""
            },
            "require": {
                "php": ">=5.3.2",
                "doctrine/common": "2.3.*"
            },
            "time": "2012-09-19 22:56:37",
            "type": "library",
            "extra": {
                "branch-alias": {
                    "dev-master": "2.3.x-dev"
                }
            },
            "installation-source": "dist",
            "autoload": {
                "psr-0": {
                    "Doctrine\\DBAL": "lib/"
                }
            },
            "license": [
                "MIT"
            ],
            "authors": [
                {
                    "name": "Jonathan Wage",
                    "email": "jonwage@gmail.com",
                    "homepage": "http://www.jwage.com/"
                },
                {
                    "name": "Guilherme Blanco",
                    "email": "guilhermeblanco@gmail.com",
                    "homepage": "http://www.instaclick.com"
                },
                {
                    "name": "Roman Borschel",
                    "email": "roman@code-factory.org"
                },
                {
                    "name": "Benjamin Eberlei",
                    "email": "kontakt@beberlei.de"
                }
            ],
            "description": "Database Abstraction Layer",
            "homepage": "http://www.doctrine-project.org",
            "keywords": [
                "database",
                "persistence",
                "dbal",
                "queryobject"
            ]
        },
        {
            "name": "doctrine/migrations",
            "version": "dev-master",
            "source": {
                "type": "git",
                "url": "https://github.com/doctrine/migrations",
                "reference": "v1.0-ALPHA1"
            },
            "dist": {
                "type": "zip",
                "url": "https://github.com/doctrine/migrations/zipball/v1.0-ALPHA1",
                "reference": "v1.0-ALPHA1",
                "shasum": ""
            },
            "require": {
                "php": ">=5.3.2",
                "doctrine/dbal": ">=2.0,<2.5.x-dev"
            },
            "require-dev": {
                "symfony/console": "2.*",
                "symfony/yaml": "2.*"
            },
            "suggest": {
                "symfony/console": "to run the migration from the console"
            },
            "time": "1349435713",
            "type": "library",
            "installation-source": "source",
            "autoload": {
                "psr-0": {
                    "Doctrine\\DBAL\\Migrations": "lib"
                }
            },
            "license": [
                "LGPL"
            ],
            "authors": [
                {
                    "name": "Jonathan Wage",
                    "email": "jonwage@gmail.com",
                    "homepage": "http://www.jwage.com/"
                },
                {
                    "name": "Benjamin Eberlei",
                    "email": "kontakt@beberlei.de"
                }
            ],
            "description": "Database Schema migrations using Doctrine DBAL",
            "homepage": "http://www.doctrine-project.org",
            "keywords": [
                "database",
                "migrations"
            ]
        },
        {
            "name": "doctrine/orm",
            "version": "2.3.0",
            "source": {
                "type": "git",
                "url": "git://github.com/doctrine/doctrine2.git",
                "reference": "2.3.0"
            },
            "dist": {
                "type": "zip",
                "url": "https://github.com/doctrine/doctrine2/zipball/2.3.0",
                "reference": "2.3.0",
                "shasum": ""
            },
            "require": {
                "php": ">=5.3.2",
                "ext-pdo": "*",
                "doctrine/dbal": "2.3.*",
                "symfony/console": "2.*"
            },
            "suggest": {
                "symfony/yaml": "If you want to use YAML Metadata Mapping Driver"
            },
            "time": "2012-09-19 23:03:34",
            "bin": [
                "bin/doctrine",
                "bin/doctrine.php"
            ],
            "type": "library",
            "extra": {
                "branch-alias": {
                    "dev-master": "2.3.x-dev"
                }
            },
            "installation-source": "dist",
            "autoload": {
                "psr-0": {
                    "Doctrine\\ORM": "lib/"
                }
            },
            "license": [
                "MIT"
            ],
            "authors": [
                {
                    "name": "Jonathan Wage",
                    "email": "jonwage@gmail.com",
                    "homepage": "http://www.jwage.com/"
                },
                {
                    "name": "Guilherme Blanco",
                    "email": "guilhermeblanco@gmail.com",
                    "homepage": "http://www.instaclick.com"
                },
                {
                    "name": "Roman Borschel",
                    "email": "roman@code-factory.org"
                },
                {
                    "name": "Benjamin Eberlei",
                    "email": "kontakt@beberlei.de"
                }
            ],
            "description": "Object-Relational-Mapper for PHP",
            "homepage": "http://www.doctrine-project.org",
            "keywords": [
                "database",
                "orm"
            ]
        },
        {
            "name": "nella/console",
            "version": "dev-master",
            "target-dir": "Nella/Console",
            "source": {
                "type": "git",
                "url": "https://github.com/nella/console",
                "reference": "b060fa93c2042c092dba1a9edcbeaffa2fd020bd"
            },
            "dist": {
                "type": "zip",
                "url": "https://github.com/nella/console/zipball/b060fa93c2042c092dba1a9edcbeaffa2fd020bd",
                "reference": "b060fa93c2042c092dba1a9edcbeaffa2fd020bd",
                "shasum": ""
            },
            "require": {
                "php": ">=5.3.2",
                "nette/nette": "2.0.*",
                "symfony/console": "2.*"
            },
            "time": "1347500084",
            "type": "nette-addon",
            "installation-source": "source",
            "autoload": {
                "psr-0": {
                    "Nella\\Console": "./"
                }
            },
            "license": [
                "BSD-3-Clause",
                "GPL-2.0+"
            ],
            "authors": [
                {
                    "name": "Patrik Votoček",
                    "email": "patrik@votocek.cz",
                    "homepage": "http://patrik.votocek.cz",
                    "role": "Developer"
                },
                {
                    "name": "Nella Project",
                    "homepage": "http://nella-project.org"
                }
            ],
            "description": "Symfony 2 Console addon for Nette Framework",
            "homepage": "http://nellafw.org",
            "keywords": [
                "symfony",
                "console",
                "nella",
                "nette",
                "addon"
            ]
        },
        {
            "name": "nella/doctrine",
            "version": "dev-master",
            "target-dir": "Nella/Doctrine",
            "source": {
                "type": "git",
                "url": "https://github.com/nella/doctrine",
                "reference": "cea0c254860460617c6719f4b3892a9858208399"
            },
            "dist": {
                "type": "zip",
                "url": "https://github.com/nella/doctrine/zipball/cea0c254860460617c6719f4b3892a9858208399",
                "reference": "cea0c254860460617c6719f4b3892a9858208399",
                "shasum": ""
            },
            "require": {
                "php": ">=5.3.2",
                "nette/nette": "2.0.*",
                "doctrine/orm": "2.3.*"
            },
            "suggest": {
                "nella/console": "Need for console support",
                "doctrine/migrations": "Need for migrations support",
                "nella/gedmo": "Integrate Doctrine Gedmo extension to Nette Framework"
            },
            "time": "1348123512",
            "type": "nette-addon",
            "installation-source": "source",
            "autoload": {
                "psr-0": {
                    "Nella\\Doctrine": "./"
                }
            },
            "license": [
                "BSD-3-Clause",
                "GPL-2.0+"
            ],
            "authors": [
                {
                    "name": "Patrik Votoček",
                    "email": "patrik@votocek.cz",
                    "homepage": "http://patrik.votocek.cz",
                    "role": "Developer"
                },
                {
                    "name": "Nella Project",
                    "homepage": "http://nella-project.org"
                }
            ],
            "description": "Doctrine 2 ORM and Migrations addon for Nette Framework",
            "homepage": "http://nellafw.org",
            "keywords": [
                "orm",
                "migrations",
                "doctrine",
                "nella",
                "nette",
                "addon"
            ]
        },
        {
            "name": "nette/nette",
            "version": "v2.0.6",
            "source": {
                "type": "git",
                "url": "http://github.com/nette/nette",
                "reference": "v2.0.6"
            },
            "dist": {
                "type": "zip",
                "url": "https://github.com/nette/nette/zipball/v2.0.6",
                "reference": "v2.0.6",
                "shasum": ""
            },
            "require": {
                "php": ">=5.3.0"
            },
            "require-dev": {
                "nette/tester": "@dev"
            },
            "time": "2012-10-01 12:34:05",
            "type": "library",
            "extra": {
                "branch-alias": {
                    "dev-master": "2.1-dev"
                }
            },
            "installation-source": "dist",
            "autoload": {
                "files": [
                    "Nette/loader.php"
                ]
            },
            "license": [
                "BSD-3-Clause",
                "GPL-2.0",
                "GPL-3.0"
            ],
            "authors": [
                {
                    "name": "David Grudl",
                    "homepage": "http://davidgrudl.com"
                },
                {
                    "name": "Nette Community",
                    "homepage": "http://nette.org/contributors"
                }
            ],
            "description": "Nette Framework - innovative framework for fast and easy development of secured web applications in PHP. Write less, have cleaner code and your work will bring you joy.",
            "homepage": "http://nette.org",
            "keywords": [
                "templating",
                "framework",
                "database",
                "dbal",
                "debugging",
                "mvc",
                "micro",
                "Forms",
                "latte",
                "neon",
                "mailing",
                "images"
            ]
        },
        {
            "name": "symfony/console",
            "version": "v2.1.2",
            "target-dir": "Symfony/Component/Console",
            "source": {
                "type": "git",
                "url": "https://github.com/symfony/Console",
                "reference": "v2.1.0-RC2"
            },
            "dist": {
                "type": "zip",
                "url": "https://github.com/symfony/Console/zipball/v2.1.0-RC2",
                "reference": "v2.1.0-RC2",
                "shasum": ""
            },
            "require": {
                "php": ">=5.3.3"
            },
            "time": "2012-08-22 06:48:41",
            "type": "library",
            "extra": {
                "branch-alias": {
                    "dev-master": "2.1-dev"
                }
            },
            "installation-source": "dist",
            "autoload": {
                "psr-0": {
                    "Symfony\\Component\\Console": ""
                }
            },
            "license": [
                "MIT"
            ],
            "authors": [
                {
                    "name": "Fabien Potencier",
                    "email": "fabien@symfony.com"
                },
                {
                    "name": "Symfony Community",
                    "homepage": "http://symfony.com/contributors"
                }
            ],
            "description": "Symfony Console Component",
            "homepage": "http://symfony.com"
        }
    ],
    "packages-dev": null,
    "aliases": [

    ],
    "minimum-stability": "stable",
    "stability-flags": {
        "nella/doctrine": 20,
        "nella/console": 20,
        "doctrine/migrations": 20
    }
}
